
Microsoft Visual Studio Solution File, Format Version 12.00
# Visual Studio Version 17
VisualStudioVersion = 17.0.31903.59
MinimumVisualStudioVersion = 10.0.40219.1
Project("{FAE04EC0-301F-11D3-BF4B-00C04F79EFBC}") = "MicMute", "MicMute\MicMute.csproj", "{77AC4843-2BCF-4F14-A8C6-C8299FD6F1BE}"
EndProject
Global
	GlobalSection(SolutionConfigurationPlatforms) = preSolution
		Debug|Any CPU = Debug|Any CPU
		Release|Any CPU = Release|Any CPU
	EndGlobalSection
	GlobalSection(ProjectConfigurationPlatforms) = postSolution
		{77AC4843-2BCF-4F14-A8C6-C8299FD6F1BE}.Debug|Any CPU.ActiveCfg = Debug|Any CPU
		{77AC4843-2BCF-4F14-A8C6-C8299FD6F1BE}.Debug|Any CPU.Build.0 = Debug|Any CPU
		{77AC4843-2BCF-4F14-A8C6-C8299FD6F1BE}.Release|Any CPU.ActiveCfg = Release|Any CPU
		{77AC4843-2BCF-4F14-A8C6-C8299FD6F1BE}.Release|Any CPU.Build.0 = Release|Any CPU
	EndGlobalSection
	GlobalSection(SolutionProperties) = preSolution
		HideSolutionNode = FALSE
	EndGlobalSection
	GlobalSection(ExtensibilityGlobals) = postSolution
		SolutionGuid = {4EA98F31-D58D-437B-8119-85950ED39234}
	EndGlobalSection
EndGlobal
